
Microsoft Visual Studio Solution File, Format Version 12.00
# Visual Studio 15
VisualStudioVersion = 15.0.26430.13
MinimumVisualStudioVersion = 10.0.40219.1
Project("{FAE04EC0-301F-11D3-BF4B-00C04F79EFBC}") = "VkBot.BotApi", "VkBot.BotApi\VkBot.BotApi.csproj", "{0FD02BF8-A780-47B1-9DE8-728D90908D82}"
EndProject
Project("{FAE04EC0-301F-11D3-BF4B-00C04F79EFBC}") = "VkBot.ConsoleTestApp", "VkBot.ConsoleTestApp\VkBot.ConsoleTestApp.csproj", "{E8D0D9CC-4B0A-4E2E-9281-A1D33E6C22E4}"
EndProject
Project("{FAE04EC0-301F-11D3-BF4B-00C04F79EFBC}") = "VkBot.SettingsManager", "VkBot.SettingsManager\VkBot.SettingsManager.csproj", "{BA1321C6-EC56-456E-BC49-7F29937F2253}"
EndProject
Project("{FAE04EC0-301F-11D3-BF4B-00C04F79EFBC}") = "VkBot.Bot", "VkBot.Bot\VkBot.Bot.csproj", "{D327264A-4F1C-4D2C-A8AD-8B307CBFAECC}"
EndProject
Project("{FAE04EC0-301F-11D3-BF4B-00C04F79EFBC}") = "VkBot.Functions", "VkBot.Functions\VkBot.Functions.csproj", "{4CC5BD08-8087-4B69-A287-6FEACC501689}"
EndProject
Project("{FAE04EC0-301F-11D3-BF4B-00C04F79EFBC}") = "VkBot.UI.Container", "VkBot.UI.Container\VkBot.UI.Container.csproj", "{B9746E3D-C260-46D5-A669-476C4F063C74}"
EndProject
Project("{FAE04EC0-301F-11D3-BF4B-00C04F79EFBC}") = "VkBot.MacApplication", "VkBot.MacApplication\VkBot.MacApplication.csproj", "{9FE54E74-72DD-462F-9D89-46CB41DC6357}"
EndProject
Project("{FAE04EC0-301F-11D3-BF4B-00C04F79EFBC}") = "VkBot.IocContainer", "VkBot.IocContainer\VkBot.IocContainer.csproj", "{6D815EA7-1DE1-446B-938A-372DF46F382B}"
EndProject
Project("{2150E333-8FDC-42A3-9474-1A3956D46DE8}") = "TextFiles", "TextFiles", "{0B9A068F-B538-4059-AB46-D4F7D622421D}"
	ProjectSection(SolutionItems) = preProject
		txt\command_unknown.txt = txt\command_unknown.txt
		txt\error_occured.txt = txt\error_occured.txt
		txt\help.txt = txt\help.txt
	EndProjectSection
EndProject
Project("{9344BDBB-3E7F-41FC-A0DD-8665D75EE146}") = "VKWordCounter.UI", "VKWordCounter.UI\VKWordCounter.UI.csproj", "{0853DD42-A956-4489-84AA-7E5BA9E7ED7C}"
EndProject
Project("{9344BDBB-3E7F-41FC-A0DD-8665D75EE146}") = "VkBot.UI", "VkBot.UI\VkBot.UI.csproj", "{01673C92-3D8C-49CB-9ED2-EEED1E1F02EA}"
EndProject
Project("{D954291E-2A0B-460D-934E-DC6B0785DB48}") = "VkBot.CrossPlatform", "VkBot.CrossPlatform\VkBot.CrossPlatform.shproj", "{1F18FF17-1549-4494-A3AD-E13FC4168B8C}"
EndProject
Project("{FAE04EC0-301F-11D3-BF4B-00C04F79EFBC}") = "VkBot.CrossPlatform.iOS", "iOS\VkBot.CrossPlatform.iOS.csproj", "{AC10283B-CD36-423F-864A-47EC51D1376F}"
EndProject
Project("{FAE04EC0-301F-11D3-BF4B-00C04F79EFBC}") = "VkBot.CrossPlatform.Droid", "Droid\VkBot.CrossPlatform.Droid.csproj", "{D5B65E71-66DB-4A11-9E8E-716DD6B3585A}"
EndProject
Global
	GlobalSection(SolutionConfigurationPlatforms) = preSolution
		Debug|Any CPU = Debug|Any CPU
		Release|Any CPU = Release|Any CPU
		Debug|iPhoneSimulator = Debug|iPhoneSimulator
		Release|iPhone = Release|iPhone
		Release|iPhoneSimulator = Release|iPhoneSimulator
		Debug|iPhone = Debug|iPhone
	EndGlobalSection
	GlobalSection(ProjectConfigurationPlatforms) = postSolution
		{0FD02BF8-A780-47B1-9DE8-728D90908D82}.Debug|Any CPU.ActiveCfg = Debug|Any CPU
		{0FD02BF8-A780-47B1-9DE8-728D90908D82}.Debug|Any CPU.Build.0 = Debug|Any CPU
		{0FD02BF8-A780-47B1-9DE8-728D90908D82}.Release|Any CPU.ActiveCfg = Release|Any CPU
		{0FD02BF8-A780-47B1-9DE8-728D90908D82}.Release|Any CPU.Build.0 = Release|Any CPU
		{0FD02BF8-A780-47B1-9DE8-728D90908D82}.Debug|iPhoneSimulator.ActiveCfg = Debug|Any CPU
		{0FD02BF8-A780-47B1-9DE8-728D90908D82}.Debug|iPhoneSimulator.Build.0 = Debug|Any CPU
		{0FD02BF8-A780-47B1-9DE8-728D90908D82}.Release|iPhone.ActiveCfg = Release|Any CPU
		{0FD02BF8-A780-47B1-9DE8-728D90908D82}.Release|iPhone.Build.0 = Release|Any CPU
		{0FD02BF8-A780-47B1-9DE8-728D90908D82}.Release|iPhoneSimulator.ActiveCfg = Release|Any CPU
		{0FD02BF8-A780-47B1-9DE8-728D90908D82}.Release|iPhoneSimulator.Build.0 = Release|Any CPU
		{0FD02BF8-A780-47B1-9DE8-728D90908D82}.Debug|iPhone.ActiveCfg = Debug|Any CPU
		{0FD02BF8-A780-47B1-9DE8-728D90908D82}.Debug|iPhone.Build.0 = Debug|Any CPU
		{E8D0D9CC-4B0A-4E2E-9281-A1D33E6C22E4}.Debug|Any CPU.ActiveCfg = Debug|Any CPU
		{E8D0D9CC-4B0A-4E2E-9281-A1D33E6C22E4}.Debug|Any CPU.Build.0 = Debug|Any CPU
		{E8D0D9CC-4B0A-4E2E-9281-A1D33E6C22E4}.Release|Any CPU.ActiveCfg = Release|Any CPU
		{E8D0D9CC-4B0A-4E2E-9281-A1D33E6C22E4}.Release|Any CPU.Build.0 = Release|Any CPU
		{E8D0D9CC-4B0A-4E2E-9281-A1D33E6C22E4}.Debug|iPhoneSimulator.ActiveCfg = Debug|Any CPU
		{E8D0D9CC-4B0A-4E2E-9281-A1D33E6C22E4}.Debug|iPhoneSimulator.Build.0 = Debug|Any CPU
		{E8D0D9CC-4B0A-4E2E-9281-A1D33E6C22E4}.Release|iPhone.ActiveCfg = Release|Any CPU
		{E8D0D9CC-4B0A-4E2E-9281-A1D33E6C22E4}.Release|iPhone.Build.0 = Release|Any CPU
		{E8D0D9CC-4B0A-4E2E-9281-A1D33E6C22E4}.Release|iPhoneSimulator.ActiveCfg = Release|Any CPU
		{E8D0D9CC-4B0A-4E2E-9281-A1D33E6C22E4}.Release|iPhoneSimulator.Build.0 = Release|Any CPU
		{E8D0D9CC-4B0A-4E2E-9281-A1D33E6C22E4}.Debug|iPhone.ActiveCfg = Debug|Any CPU
		{E8D0D9CC-4B0A-4E2E-9281-A1D33E6C22E4}.Debug|iPhone.Build.0 = Debug|Any CPU
		{BA1321C6-EC56-456E-BC49-7F29937F2253}.Debug|Any CPU.ActiveCfg = Debug|Any CPU
		{BA1321C6-EC56-456E-BC49-7F29937F2253}.Debug|Any CPU.Build.0 = Debug|Any CPU
		{BA1321C6-EC56-456E-BC49-7F29937F2253}.Release|Any CPU.ActiveCfg = Release|Any CPU
		{BA1321C6-EC56-456E-BC49-7F29937F2253}.Release|Any CPU.Build.0 = Release|Any CPU
		{BA1321C6-EC56-456E-BC49-7F29937F2253}.Debug|iPhoneSimulator.ActiveCfg = Debug|Any CPU
		{BA1321C6-EC56-456E-BC49-7F29937F2253}.Debug|iPhoneSimulator.Build.0 = Debug|Any CPU
		{BA1321C6-EC56-456E-BC49-7F29937F2253}.Release|iPhone.ActiveCfg = Release|Any CPU
		{BA1321C6-EC56-456E-BC49-7F29937F2253}.Release|iPhone.Build.0 = Release|Any CPU
		{BA1321C6-EC56-456E-BC49-7F29937F2253}.Release|iPhoneSimulator.ActiveCfg = Release|Any CPU
		{BA1321C6-EC56-456E-BC49-7F29937F2253}.Release|iPhoneSimulator.Build.0 = Release|Any CPU
		{BA1321C6-EC56-456E-BC49-7F29937F2253}.Debug|iPhone.ActiveCfg = Debug|Any CPU
		{BA1321C6-EC56-456E-BC49-7F29937F2253}.Debug|iPhone.Build.0 = Debug|Any CPU
		{D327264A-4F1C-4D2C-A8AD-8B307CBFAECC}.Debug|Any CPU.ActiveCfg = Debug|Any CPU
		{D327264A-4F1C-4D2C-A8AD-8B307CBFAECC}.Debug|Any CPU.Build.0 = Debug|Any CPU
		{D327264A-4F1C-4D2C-A8AD-8B307CBFAECC}.Release|Any CPU.ActiveCfg = Release|Any CPU
		{D327264A-4F1C-4D2C-A8AD-8B307CBFAECC}.Release|Any CPU.Build.0 = Release|Any CPU
		{D327264A-4F1C-4D2C-A8AD-8B307CBFAECC}.Debug|iPhoneSimulator.ActiveCfg = Debug|Any CPU
		{D327264A-4F1C-4D2C-A8AD-8B307CBFAECC}.Debug|iPhoneSimulator.Build.0 = Debug|Any CPU
		{D327264A-4F1C-4D2C-A8AD-8B307CBFAECC}.Release|iPhone.ActiveCfg = Release|Any CPU
		{D327264A-4F1C-4D2C-A8AD-8B307CBFAECC}.Release|iPhone.Build.0 = Release|Any CPU
		{D327264A-4F1C-4D2C-A8AD-8B307CBFAECC}.Release|iPhoneSimulator.ActiveCfg = Release|Any CPU
		{D327264A-4F1C-4D2C-A8AD-8B307CBFAECC}.Release|iPhoneSimulator.Build.0 = Release|Any CPU
		{D327264A-4F1C-4D2C-A8AD-8B307CBFAECC}.Debug|iPhone.ActiveCfg = Debug|Any CPU
		{D327264A-4F1C-4D2C-A8AD-8B307CBFAECC}.Debug|iPhone.Build.0 = Debug|Any CPU
		{4CC5BD08-8087-4B69-A287-6FEACC501689}.Debug|Any CPU.ActiveCfg = Debug|Any CPU
		{4CC5BD08-8087-4B69-A287-6FEACC501689}.Debug|Any CPU.Build.0 = Debug|Any CPU
		{4CC5BD08-8087-4B69-A287-6FEACC501689}.Release|Any CPU.ActiveCfg = Release|Any CPU
		{4CC5BD08-8087-4B69-A287-6FEACC501689}.Release|Any CPU.Build.0 = Release|Any CPU
		{4CC5BD08-8087-4B69-A287-6FEACC501689}.Debug|iPhoneSimulator.ActiveCfg = Debug|Any CPU
		{4CC5BD08-8087-4B69-A287-6FEACC501689}.Debug|iPhoneSimulator.Build.0 = Debug|Any CPU
		{4CC5BD08-8087-4B69-A287-6FEACC501689}.Release|iPhone.ActiveCfg = Release|Any CPU
		{4CC5BD08-8087-4B69-A287-6FEACC501689}.Release|iPhone.Build.0 = Release|Any CPU
		{4CC5BD08-8087-4B69-A287-6FEACC501689}.Release|iPhoneSimulator.ActiveCfg = Release|Any CPU
		{4CC5BD08-8087-4B69-A287-6FEACC501689}.Release|iPhoneSimulator.Build.0 = Release|Any CPU
		{4CC5BD08-8087-4B69-A287-6FEACC501689}.Debug|iPhone.ActiveCfg = Debug|Any CPU
		{4CC5BD08-8087-4B69-A287-6FEACC501689}.Debug|iPhone.Build.0 = Debug|Any CPU
		{B9746E3D-C260-46D5-A669-476C4F063C74}.Debug|Any CPU.ActiveCfg = Debug|Any CPU
		{B9746E3D-C260-46D5-A669-476C4F063C74}.Debug|Any CPU.Build.0 = Debug|Any CPU
		{B9746E3D-C260-46D5-A669-476C4F063C74}.Release|Any CPU.ActiveCfg = Release|Any CPU
		{B9746E3D-C260-46D5-A669-476C4F063C74}.Release|Any CPU.Build.0 = Release|Any CPU
		{B9746E3D-C260-46D5-A669-476C4F063C74}.Debug|iPhoneSimulator.ActiveCfg = Debug|Any CPU
		{B9746E3D-C260-46D5-A669-476C4F063C74}.Debug|iPhoneSimulator.Build.0 = Debug|Any CPU
		{B9746E3D-C260-46D5-A669-476C4F063C74}.Release|iPhone.ActiveCfg = Release|Any CPU
		{B9746E3D-C260-46D5-A669-476C4F063C74}.Release|iPhone.Build.0 = Release|Any CPU
		{B9746E3D-C260-46D5-A669-476C4F063C74}.Release|iPhoneSimulator.ActiveCfg = Release|Any CPU
		{B9746E3D-C260-46D5-A669-476C4F063C74}.Release|iPhoneSimulator.Build.0 = Release|Any CPU
		{B9746E3D-C260-46D5-A669-476C4F063C74}.Debug|iPhone.ActiveCfg = Debug|Any CPU
		{B9746E3D-C260-46D5-A669-476C4F063C74}.Debug|iPhone.Build.0 = Debug|Any CPU
		{9FE54E74-72DD-462F-9D89-46CB41DC6357}.Debug|Any CPU.ActiveCfg = Debug|x86
		{9FE54E74-72DD-462F-9D89-46CB41DC6357}.Debug|Any CPU.Build.0 = Debug|x86
		{9FE54E74-72DD-462F-9D89-46CB41DC6357}.Release|Any CPU.ActiveCfg = Release|x86
		{9FE54E74-72DD-462F-9D89-46CB41DC6357}.Release|Any CPU.Build.0 = Release|x86
		{9FE54E74-72DD-462F-9D89-46CB41DC6357}.Debug|iPhoneSimulator.ActiveCfg = Debug|x86
		{9FE54E74-72DD-462F-9D89-46CB41DC6357}.Debug|iPhoneSimulator.Build.0 = Debug|x86
		{9FE54E74-72DD-462F-9D89-46CB41DC6357}.Release|iPhone.ActiveCfg = Release|x86
		{9FE54E74-72DD-462F-9D89-46CB41DC6357}.Release|iPhone.Build.0 = Release|x86
		{9FE54E74-72DD-462F-9D89-46CB41DC6357}.Release|iPhoneSimulator.ActiveCfg = Release|x86
		{9FE54E74-72DD-462F-9D89-46CB41DC6357}.Release|iPhoneSimulator.Build.0 = Release|x86
		{9FE54E74-72DD-462F-9D89-46CB41DC6357}.Debug|iPhone.ActiveCfg = Debug|x86
		{9FE54E74-72DD-462F-9D89-46CB41DC6357}.Debug|iPhone.Build.0 = Debug|x86
		{6D815EA7-1DE1-446B-938A-372DF46F382B}.Debug|Any CPU.ActiveCfg = Debug|Any CPU
		{6D815EA7-1DE1-446B-938A-372DF46F382B}.Debug|Any CPU.Build.0 = Debug|Any CPU
		{6D815EA7-1DE1-446B-938A-372DF46F382B}.Release|Any CPU.ActiveCfg = Release|Any CPU
		{6D815EA7-1DE1-446B-938A-372DF46F382B}.Release|Any CPU.Build.0 = Release|Any CPU
		{6D815EA7-1DE1-446B-938A-372DF46F382B}.Debug|iPhoneSimulator.ActiveCfg = Debug|Any CPU
		{6D815EA7-1DE1-446B-938A-372DF46F382B}.Debug|iPhoneSimulator.Build.0 = Debug|Any CPU
		{6D815EA7-1DE1-446B-938A-372DF46F382B}.Release|iPhone.ActiveCfg = Release|Any CPU
		{6D815EA7-1DE1-446B-938A-372DF46F382B}.Release|iPhone.Build.0 = Release|Any CPU
		{6D815EA7-1DE1-446B-938A-372DF46F382B}.Release|iPhoneSimulator.ActiveCfg = Release|Any CPU
		{6D815EA7-1DE1-446B-938A-372DF46F382B}.Release|iPhoneSimulator.Build.0 = Release|Any CPU
		{6D815EA7-1DE1-446B-938A-372DF46F382B}.Debug|iPhone.ActiveCfg = Debug|Any CPU
		{6D815EA7-1DE1-446B-938A-372DF46F382B}.Debug|iPhone.Build.0 = Debug|Any CPU
		{0853DD42-A956-4489-84AA-7E5BA9E7ED7C}.Debug|Any CPU.ActiveCfg = Debug|Any CPU
		{0853DD42-A956-4489-84AA-7E5BA9E7ED7C}.Debug|Any CPU.Build.0 = Debug|Any CPU
		{0853DD42-A956-4489-84AA-7E5BA9E7ED7C}.Release|Any CPU.ActiveCfg = Release|Any CPU
		{0853DD42-A956-4489-84AA-7E5BA9E7ED7C}.Release|Any CPU.Build.0 = Release|Any CPU
		{0853DD42-A956-4489-84AA-7E5BA9E7ED7C}.Debug|iPhoneSimulator.ActiveCfg = Debug|Any CPU
		{0853DD42-A956-4489-84AA-7E5BA9E7ED7C}.Release|iPhone.ActiveCfg = Release|Any CPU
		{0853DD42-A956-4489-84AA-7E5BA9E7ED7C}.Release|iPhoneSimulator.ActiveCfg = Release|Any CPU
		{0853DD42-A956-4489-84AA-7E5BA9E7ED7C}.Debug|iPhone.ActiveCfg = Debug|Any CPU
		{01673C92-3D8C-49CB-9ED2-EEED1E1F02EA}.Debug|Any CPU.ActiveCfg = Debug|Any CPU
		{01673C92-3D8C-49CB-9ED2-EEED1E1F02EA}.Debug|Any CPU.Build.0 = Debug|Any CPU
		{01673C92-3D8C-49CB-9ED2-EEED1E1F02EA}.Release|Any CPU.ActiveCfg = Release|Any CPU
		{01673C92-3D8C-49CB-9ED2-EEED1E1F02EA}.Release|Any CPU.Build.0 = Release|Any CPU
		{01673C92-3D8C-49CB-9ED2-EEED1E1F02EA}.Debug|iPhoneSimulator.ActiveCfg = Debug|Any CPU
		{01673C92-3D8C-49CB-9ED2-EEED1E1F02EA}.Release|iPhone.ActiveCfg = Release|Any CPU
		{01673C92-3D8C-49CB-9ED2-EEED1E1F02EA}.Release|iPhoneSimulator.ActiveCfg = Release|Any CPU
		{01673C92-3D8C-49CB-9ED2-EEED1E1F02EA}.Debug|iPhone.ActiveCfg = Debug|Any CPU
		{AC10283B-CD36-423F-864A-47EC51D1376F}.Debug|Any CPU.ActiveCfg = Debug|iPhoneSimulator
		{AC10283B-CD36-423F-864A-47EC51D1376F}.Debug|Any CPU.Build.0 = Debug|iPhoneSimulator
		{AC10283B-CD36-423F-864A-47EC51D1376F}.Release|Any CPU.ActiveCfg = Release|iPhone
		{AC10283B-CD36-423F-864A-47EC51D1376F}.Release|Any CPU.Build.0 = Release|iPhone
		{AC10283B-CD36-423F-864A-47EC51D1376F}.Debug|iPhoneSimulator.ActiveCfg = Debug|iPhoneSimulator
		{AC10283B-CD36-423F-864A-47EC51D1376F}.Debug|iPhoneSimulator.Build.0 = Debug|iPhoneSimulator
		{AC10283B-CD36-423F-864A-47EC51D1376F}.Release|iPhone.ActiveCfg = Release|iPhone
		{AC10283B-CD36-423F-864A-47EC51D1376F}.Release|iPhone.Build.0 = Release|iPhone
		{AC10283B-CD36-423F-864A-47EC51D1376F}.Release|iPhoneSimulator.ActiveCfg = Release|iPhoneSimulator
		{AC10283B-CD36-423F-864A-47EC51D1376F}.Release|iPhoneSimulator.Build.0 = Release|iPhoneSimulator
		{AC10283B-CD36-423F-864A-47EC51D1376F}.Debug|iPhone.ActiveCfg = Debug|iPhone
		{AC10283B-CD36-423F-864A-47EC51D1376F}.Debug|iPhone.Build.0 = Debug|iPhone
		{D5B65E71-66DB-4A11-9E8E-716DD6B3585A}.Debug|Any CPU.ActiveCfg = Debug|Any CPU
		{D5B65E71-66DB-4A11-9E8E-716DD6B3585A}.Debug|Any CPU.Build.0 = Debug|Any CPU
		{D5B65E71-66DB-4A11-9E8E-716DD6B3585A}.Release|Any CPU.ActiveCfg = Release|Any CPU
		{D5B65E71-66DB-4A11-9E8E-716DD6B3585A}.Release|Any CPU.Build.0 = Release|Any CPU
		{D5B65E71-66DB-4A11-9E8E-716DD6B3585A}.Debug|iPhoneSimulator.ActiveCfg = Debug|Any CPU
		{D5B65E71-66DB-4A11-9E8E-716DD6B3585A}.Debug|iPhoneSimulator.Build.0 = Debug|Any CPU
		{D5B65E71-66DB-4A11-9E8E-716DD6B3585A}.Release|iPhone.ActiveCfg = Release|Any CPU
		{D5B65E71-66DB-4A11-9E8E-716DD6B3585A}.Release|iPhone.Build.0 = Release|Any CPU
		{D5B65E71-66DB-4A11-9E8E-716DD6B3585A}.Release|iPhoneSimulator.ActiveCfg = Release|Any CPU
		{D5B65E71-66DB-4A11-9E8E-716DD6B3585A}.Release|iPhoneSimulator.Build.0 = Release|Any CPU
		{D5B65E71-66DB-4A11-9E8E-716DD6B3585A}.Debug|iPhone.ActiveCfg = Debug|Any CPU
		{D5B65E71-66DB-4A11-9E8E-716DD6B3585A}.Debug|iPhone.Build.0 = Debug|Any CPU
	EndGlobalSection
	GlobalSection(SolutionProperties) = preSolution
		HideSolutionNode = FALSE
	EndGlobalSection
EndGlobal
