
Microsoft Visual Studio Solution File, Format Version 12.00
# Visual Studio 15
VisualStudioVersion = 15.0.26430.13
MinimumVisualStudioVersion = 10.0.40219.1
Project("{FAE04EC0-301F-11D3-BF4B-00C04F79EFBC}") = "VkBot.BotApi", "VkBot.BotApi\VkBot.BotApi.csproj", "{0FD02BF8-A780-47B1-9DE8-728D90908D82}"
EndProject
Project("{FAE04EC0-301F-11D3-BF4B-00C04F79EFBC}") = "VkBot.ConsoleTestApp", "VkBot.ConsoleTestApp\VkBot.ConsoleTestApp.csproj", "{E8D0D9CC-4B0A-4E2E-9281-A1D33E6C22E4}"
EndProject
Project("{FAE04EC0-301F-11D3-BF4B-00C04F79EFBC}") = "VKWordCounter.UI", "VKWordCounter.UI\VKWordCounter.UI.csproj", "{6FC69E7A-C590-4327-98EB-1DE15BB36D40}"
EndProject
Project("{FAE04EC0-301F-11D3-BF4B-00C04F79EFBC}") = "VkBot.SettingsManager", "VkBot.SettingsManager\VkBot.SettingsManager.csproj", "{BA1321C6-EC56-456E-BC49-7F29937F2253}"
EndProject
Project("{FAE04EC0-301F-11D3-BF4B-00C04F79EFBC}") = "VkBot.Bot", "VkBot.Bot\VkBot.Bot.csproj", "{D327264A-4F1C-4D2C-A8AD-8B307CBFAECC}"
EndProject
Project("{FAE04EC0-301F-11D3-BF4B-00C04F79EFBC}") = "VkBot.UI", "VkBot.UI\VkBot.UI.csproj", "{32EEDDAC-AB41-444B-8B68-A8EE3E4CDFD5}"
EndProject
Project("{FAE04EC0-301F-11D3-BF4B-00C04F79EFBC}") = "VkBot.Functions", "VkBot.Functions\VkBot.Functions.csproj", "{4CC5BD08-8087-4B69-A287-6FEACC501689}"
EndProject
Project("{FAE04EC0-301F-11D3-BF4B-00C04F79EFBC}") = "VkBot.UI.Container", "VkBot.UI.Container\VkBot.UI.Container.csproj", "{B9746E3D-C260-46D5-A669-476C4F063C74}"
EndProject
Project("{FAE04EC0-301F-11D3-BF4B-00C04F79EFBC}") = "VkBot.MacApplication", "VkBot.MacApplication\VkBot.MacApplication.csproj", "{9FE54E74-72DD-462F-9D89-46CB41DC6357}"
EndProject
Project("{FAE04EC0-301F-11D3-BF4B-00C04F79EFBC}") = "VkBot.IocContainer", "VkBot.IocContainer\VkBot.IocContainer.csproj", "{6D815EA7-1DE1-446B-938A-372DF46F382B}"
EndProject
Project("{2150E333-8FDC-42A3-9474-1A3956D46DE8}") = "TextFiles", "TextFiles", "{0B9A068F-B538-4059-AB46-D4F7D622421D}"
	ProjectSection(SolutionItems) = preProject
		txt\command_unknown.txt = txt\command_unknown.txt
		txt\error_occured.txt = txt\error_occured.txt
		txt\help.txt = txt\help.txt
	EndProjectSection
EndProject
Global
	GlobalSection(SolutionConfigurationPlatforms) = preSolution
		Debug|Any CPU = Debug|Any CPU
		Release|Any CPU = Release|Any CPU
	EndGlobalSection
	GlobalSection(ProjectConfigurationPlatforms) = postSolution
		{0FD02BF8-A780-47B1-9DE8-728D90908D82}.Debug|Any CPU.ActiveCfg = Debug|Any CPU
		{0FD02BF8-A780-47B1-9DE8-728D90908D82}.Debug|Any CPU.Build.0 = Debug|Any CPU
		{0FD02BF8-A780-47B1-9DE8-728D90908D82}.Release|Any CPU.ActiveCfg = Release|Any CPU
		{0FD02BF8-A780-47B1-9DE8-728D90908D82}.Release|Any CPU.Build.0 = Release|Any CPU
		{E8D0D9CC-4B0A-4E2E-9281-A1D33E6C22E4}.Debug|Any CPU.ActiveCfg = Debug|Any CPU
		{E8D0D9CC-4B0A-4E2E-9281-A1D33E6C22E4}.Debug|Any CPU.Build.0 = Debug|Any CPU
		{E8D0D9CC-4B0A-4E2E-9281-A1D33E6C22E4}.Release|Any CPU.ActiveCfg = Release|Any CPU
		{E8D0D9CC-4B0A-4E2E-9281-A1D33E6C22E4}.Release|Any CPU.Build.0 = Release|Any CPU
		{6FC69E7A-C590-4327-98EB-1DE15BB36D40}.Debug|Any CPU.ActiveCfg = Debug|Any CPU
		{6FC69E7A-C590-4327-98EB-1DE15BB36D40}.Debug|Any CPU.Build.0 = Debug|Any CPU
		{6FC69E7A-C590-4327-98EB-1DE15BB36D40}.Release|Any CPU.ActiveCfg = Release|Any CPU
		{6FC69E7A-C590-4327-98EB-1DE15BB36D40}.Release|Any CPU.Build.0 = Release|Any CPU
		{BA1321C6-EC56-456E-BC49-7F29937F2253}.Debug|Any CPU.ActiveCfg = Debug|Any CPU
		{BA1321C6-EC56-456E-BC49-7F29937F2253}.Debug|Any CPU.Build.0 = Debug|Any CPU
		{BA1321C6-EC56-456E-BC49-7F29937F2253}.Release|Any CPU.ActiveCfg = Release|Any CPU
		{BA1321C6-EC56-456E-BC49-7F29937F2253}.Release|Any CPU.Build.0 = Release|Any CPU
		{D327264A-4F1C-4D2C-A8AD-8B307CBFAECC}.Debug|Any CPU.ActiveCfg = Debug|Any CPU
		{D327264A-4F1C-4D2C-A8AD-8B307CBFAECC}.Debug|Any CPU.Build.0 = Debug|Any CPU
		{D327264A-4F1C-4D2C-A8AD-8B307CBFAECC}.Release|Any CPU.ActiveCfg = Release|Any CPU
		{D327264A-4F1C-4D2C-A8AD-8B307CBFAECC}.Release|Any CPU.Build.0 = Release|Any CPU
		{32EEDDAC-AB41-444B-8B68-A8EE3E4CDFD5}.Debug|Any CPU.ActiveCfg = Debug|Any CPU
		{32EEDDAC-AB41-444B-8B68-A8EE3E4CDFD5}.Debug|Any CPU.Build.0 = Debug|Any CPU
		{32EEDDAC-AB41-444B-8B68-A8EE3E4CDFD5}.Release|Any CPU.ActiveCfg = Release|Any CPU
		{32EEDDAC-AB41-444B-8B68-A8EE3E4CDFD5}.Release|Any CPU.Build.0 = Release|Any CPU
		{4CC5BD08-8087-4B69-A287-6FEACC501689}.Debug|Any CPU.ActiveCfg = Debug|Any CPU
		{4CC5BD08-8087-4B69-A287-6FEACC501689}.Debug|Any CPU.Build.0 = Debug|Any CPU
		{4CC5BD08-8087-4B69-A287-6FEACC501689}.Release|Any CPU.ActiveCfg = Release|Any CPU
		{4CC5BD08-8087-4B69-A287-6FEACC501689}.Release|Any CPU.Build.0 = Release|Any CPU
		{B9746E3D-C260-46D5-A669-476C4F063C74}.Debug|Any CPU.ActiveCfg = Debug|Any CPU
		{B9746E3D-C260-46D5-A669-476C4F063C74}.Debug|Any CPU.Build.0 = Debug|Any CPU
		{B9746E3D-C260-46D5-A669-476C4F063C74}.Release|Any CPU.ActiveCfg = Release|Any CPU
		{B9746E3D-C260-46D5-A669-476C4F063C74}.Release|Any CPU.Build.0 = Release|Any CPU
		{9FE54E74-72DD-462F-9D89-46CB41DC6357}.Debug|Any CPU.ActiveCfg = Debug|x86
		{9FE54E74-72DD-462F-9D89-46CB41DC6357}.Debug|Any CPU.Build.0 = Debug|x86
		{9FE54E74-72DD-462F-9D89-46CB41DC6357}.Release|Any CPU.ActiveCfg = Release|x86
		{9FE54E74-72DD-462F-9D89-46CB41DC6357}.Release|Any CPU.Build.0 = Release|x86
		{6D815EA7-1DE1-446B-938A-372DF46F382B}.Debug|Any CPU.ActiveCfg = Debug|Any CPU
		{6D815EA7-1DE1-446B-938A-372DF46F382B}.Debug|Any CPU.Build.0 = Debug|Any CPU
		{6D815EA7-1DE1-446B-938A-372DF46F382B}.Release|Any CPU.ActiveCfg = Release|Any CPU
		{6D815EA7-1DE1-446B-938A-372DF46F382B}.Release|Any CPU.Build.0 = Release|Any CPU
	EndGlobalSection
	GlobalSection(SolutionProperties) = preSolution
		HideSolutionNode = FALSE
	EndGlobalSection
EndGlobal
